
Microsoft Visual Studio Solution File, Format Version 12.00
# Visual Studio Version 16
VisualStudioVersion = 16.0.31313.79
MinimumVisualStudioVersion = 10.0.40219.1
Project("{FAE04EC0-301F-11D3-BF4B-00C04F79EFBC}") = "FarmTypeManager", "FarmTypeManager\FarmTypeManager.csproj", "{AF6404AB-B22C-432A-97ED-906FF6C1F4D4}"
EndProject
Global
	GlobalSection(SolutionConfigurationPlatforms) = preSolution
		Debug|Any CPU = Debug|Any CPU
		Release|Any CPU = Release|Any CPU
	EndGlobalSection
	GlobalSection(ProjectConfigurationPlatforms) = postSolution
		{AF6404AB-B22C-432A-97ED-906FF6C1F4D4}.Debug|Any CPU.ActiveCfg = Debug|Any CPU
		{AF6404AB-B22C-432A-97ED-906FF6C1F4D4}.Debug|Any CPU.Build.0 = Debug|Any CPU
		{AF6404AB-B22C-432A-97ED-906FF6C1F4D4}.Release|Any CPU.ActiveCfg = Release|Any CPU
		{AF6404AB-B22C-432A-97ED-906FF6C1F4D4}.Release|Any CPU.Build.0 = Release|Any CPU
	EndGlobalSection
	GlobalSection(SolutionProperties) = preSolution
		HideSolutionNode = FALSE
	EndGlobalSection
	GlobalSection(ExtensibilityGlobals) = postSolution
		SolutionGuid = {35E86130-EF6F-4A65-8FB3-DD2E22D205C3}
	EndGlobalSection
EndGlobal
